
Microsoft Visual Studio Solution File, Format Version 12.00
# Visual Studio Version 16
VisualStudioVersion = 16.0.28729.10
MinimumVisualStudioVersion = 10.0.40219.1
Project("{FAE04EC0-301F-11D3-BF4B-00C04F79EFBC}") = "Verktyg", "Verktyg\Verktyg.csproj", "{A684C948-6ABC-4FB1-B325-4CF2C4BACD8A}"
EndProject
Global
	GlobalSection(SolutionConfigurationPlatforms) = preSolution
		Debug|Any CPU = Debug|Any CPU
		Release|Any CPU = Release|Any CPU
	EndGlobalSection
	GlobalSection(ProjectConfigurationPlatforms) = postSolution
		{A684C948-6ABC-4FB1-B325-4CF2C4BACD8A}.Debug|Any CPU.ActiveCfg = Debug|Any CPU
		{A684C948-6ABC-4FB1-B325-4CF2C4BACD8A}.Debug|Any CPU.Build.0 = Debug|Any CPU
		{A684C948-6ABC-4FB1-B325-4CF2C4BACD8A}.Release|Any CPU.ActiveCfg = Release|Any CPU
		{A684C948-6ABC-4FB1-B325-4CF2C4BACD8A}.Release|Any CPU.Build.0 = Release|Any CPU
	EndGlobalSection
	GlobalSection(SolutionProperties) = preSolution
		HideSolutionNode = FALSE
	EndGlobalSection
	GlobalSection(ExtensibilityGlobals) = postSolution
		SolutionGuid = {BD83FE9B-4159-48D8-BCF6-7DF3FE499299}
	EndGlobalSection
EndGlobal
